
Microsoft Visual Studio Solution File, Format Version 12.00
# Visual Studio Version 16
VisualStudioVersion = 16.0.29905.134
MinimumVisualStudioVersion = 10.0.40219.1
Project("{9A19103F-16F7-4668-BE54-9A1E7A4F7556}") = "Krompaco.RecordCollector.Web", "src\Krompaco.RecordCollector.Web\Krompaco.RecordCollector.Web.csproj", "{BA2495A2-09B5-4502-8847-417B4EFCE411}"
EndProject
Project("{9A19103F-16F7-4668-BE54-9A1E7A4F7556}") = "Krompaco.RecordCollector.Generator", "src\Krompaco.RecordCollector.Generator\Krompaco.RecordCollector.Generator.csproj", "{54DFEC5A-E007-40EE-AC17-8BFCB9C5961E}"
EndProject
Project("{9A19103F-16F7-4668-BE54-9A1E7A4F7556}") = "Krompaco.RecordCollector.Content", "src\Krompaco.RecordCollector.Content\Krompaco.RecordCollector.Content.csproj", "{160D0157-17B7-447C-B05F-652C0DF095DA}"
EndProject
Project("{FAE04EC0-301F-11D3-BF4B-00C04F79EFBC}") = "Krompaco.RecordCollector.Content.Tests", "tests\Krompaco.RecordCollector.Content.Tests\Krompaco.RecordCollector.Content.Tests.csproj", "{6E9AF449-342F-426F-9A4C-228FEC504150}"
EndProject
Global
	GlobalSection(SolutionConfigurationPlatforms) = preSolution
		Debug|Any CPU = Debug|Any CPU
		Release|Any CPU = Release|Any CPU
	EndGlobalSection
	GlobalSection(ProjectConfigurationPlatforms) = postSolution
		{BA2495A2-09B5-4502-8847-417B4EFCE411}.Debug|Any CPU.ActiveCfg = Debug|Any CPU
		{BA2495A2-09B5-4502-8847-417B4EFCE411}.Debug|Any CPU.Build.0 = Debug|Any CPU
		{BA2495A2-09B5-4502-8847-417B4EFCE411}.Release|Any CPU.ActiveCfg = Release|Any CPU
		{BA2495A2-09B5-4502-8847-417B4EFCE411}.Release|Any CPU.Build.0 = Release|Any CPU
		{54DFEC5A-E007-40EE-AC17-8BFCB9C5961E}.Debug|Any CPU.ActiveCfg = Debug|Any CPU
		{54DFEC5A-E007-40EE-AC17-8BFCB9C5961E}.Debug|Any CPU.Build.0 = Debug|Any CPU
		{54DFEC5A-E007-40EE-AC17-8BFCB9C5961E}.Release|Any CPU.ActiveCfg = Release|Any CPU
		{54DFEC5A-E007-40EE-AC17-8BFCB9C5961E}.Release|Any CPU.Build.0 = Release|Any CPU
		{160D0157-17B7-447C-B05F-652C0DF095DA}.Debug|Any CPU.ActiveCfg = Debug|Any CPU
		{160D0157-17B7-447C-B05F-652C0DF095DA}.Debug|Any CPU.Build.0 = Debug|Any CPU
		{160D0157-17B7-447C-B05F-652C0DF095DA}.Release|Any CPU.ActiveCfg = Release|Any CPU
		{160D0157-17B7-447C-B05F-652C0DF095DA}.Release|Any CPU.Build.0 = Release|Any CPU
		{6E9AF449-342F-426F-9A4C-228FEC504150}.Debug|Any CPU.ActiveCfg = Debug|Any CPU
		{6E9AF449-342F-426F-9A4C-228FEC504150}.Debug|Any CPU.Build.0 = Debug|Any CPU
		{6E9AF449-342F-426F-9A4C-228FEC504150}.Release|Any CPU.ActiveCfg = Release|Any CPU
		{6E9AF449-342F-426F-9A4C-228FEC504150}.Release|Any CPU.Build.0 = Release|Any CPU
	EndGlobalSection
	GlobalSection(SolutionProperties) = preSolution
		HideSolutionNode = FALSE
	EndGlobalSection
	GlobalSection(ExtensibilityGlobals) = postSolution
		SolutionGuid = {92BEDDDB-ABC3-4119-B557-D8440F9EE9EA}
	EndGlobalSection
EndGlobal
